github.com/google/go-cmp v0.7.0 h1:wk8382ETsv4JYUZwIsn6YpYiWiBsYLSJiTsyBybVuN8=
github.com/google/go-cmp v0.7.0/go.mod h1:pXiqmnSA92OHEEa9HXL2W4E7lf9JzCmGVUdgjX3N/iU=
github.com/pierrre/assert v0.11.1 h1:q+WrIHGg/xFhxTR+ZajBbt3fbdOou0uHxSsLAlsc1EQ=
github.com/pierrre/assert v0.11.1/go.mod h1:BwvCD4ib43bCo93uUJmUlbh59YwLusWtIm4niRgZPQc=
github.com/pierrre/compare v1.4.14 h1:snH4S/2nClsCCgYAvseyQYX6RHX8WvCdd23deiL1ovc=
github.com/pierrre/compare v1.4.14/go.mod h1:5RkfHZojsCAFZR+mW9SHH55mH1tCWNWMP7xhWgxc6QE=
github.com/pierrre/go-libs v0.23.1 h1:llhAs+95KYx2KPaEw+aIuM4l+p8lfKH6T9goVu1KM7w=
github.com/pierrre/go-libs v0.23.1/go.mod h1:IfDMQvuWUhUx8CuKmBFUZJXrQpT9QDMkaLS8cO5RR6Q=
google.golang.org/protobuf v1.36.10 h1:AYd7cD/uASjIL6Q9LiTjz8JLcrh/88q5UObnmY3aOOE=
google.golang.org/protobuf v1.36.10/go.mod h1:HTf+CrKn2C3g5S8VImy6tdcUvCska2kB7j23XfzDpco=
