github.com/pierrre/assert v0.3.4 h1:B1FeEcwP2G2ODj0ystKR3cDc7XHNH9wIGeO3Ac8x+Xw=
github.com/pierrre/assert v0.3.4/go.mod h1:qddU5sJogGRlIzG1ByQUpqHoAsekyCbY62LvUg2LvOM=
github.com/pierrre/compare v1.4.5 h1:Mh355TQgXeU/qmTX2ixw0drPphSr2INUdxX6SVoiOmw=
github.com/pierrre/compare v1.4.5/go.mod h1:Ca2SaOLQvaDl533H3Ga8RyHk5RTwDatK5nrMkQ9v7Tc=
github.com/pierrre/errors v0.7.1 h1:WY7SE2c1wvHU4ZvGoA+NLDrWmB+tCygAI+OoKP+z0QE=
github.com/pierrre/errors v0.7.1/go.mod h1:cMi21tHFnRbZ1kwAhP1U31ihhElG24dp8CdTMRjdZtU=
github.com/pierrre/go-libs v0.5.0 h1:Gw+1MvUIZgjIiUfyXYlOWpQSxHRIu2Qz4umXwbq26PI=
github.com/pierrre/go-libs v0.5.0/go.mod h1:datu9k1xvC2r5ZJpT+rQmHQdSjR+OTwuAUM/RiV0EHE=
