github.com/pierrre/assert v0.5.7 h1:POHo3GPj9yE4KVooewSuykoLzq3ntEU3/UbNOweq91U=
github.com/pierrre/assert v0.5.7/go.mod h1:Sbu9m6+rccQobpT9AbtH7CVPzAGXloyDKo8Y5gg1qO4=
github.com/pierrre/compare v1.4.13 h1:b6gi3OgN1emmD1Ly37m+B/Pbq6tac+w3lNGT5xu4I10=
github.com/pierrre/compare v1.4.13/go.mod h1:+ie0ecM2nS32oLck0FWDstwIUSZ0YF4KBIaACOvKhJM=
github.com/pierrre/errors v0.8.8 h1:y3nrgro7khJM/8/1AvUTY48sde0ckL4JU0a+GFIiqbg=
github.com/pierrre/errors v0.8.8/go.mod h1:EB+2xV1nJWM/lJ7x7DUvZX1uHizO+v57yfel+sogLZo=
github.com/pierrre/go-libs v0.7.11 h1:Fmmw2Tc3h9rjP5QefnckXR3S03Ff1Coy7gF6W1JD+jc=
github.com/pierrre/go-libs v0.7.11/go.mod h1:u12/ZKrAGyUDYCKpMwkB7m9+oeTG0+kIdIEmm695vOs=
